
Microsoft Visual Studio Solution File, Format Version 12.00
# Visual Studio Version 17
VisualStudioVersion = 17.2.32602.215
MinimumVisualStudioVersion = 10.0.40219.1
Project("{F184B08F-C81C-45F6-A57F-5ABD9991F28F}") = "UtilitiesVB", "UtilitiesVB\UtilitiesVB.vbproj", "{2090BE3A-1105-4900-A481-EC1795A32BC0}"
EndProject
Project("{F184B08F-C81C-45F6-A57F-5ABD9991F28F}") = "Tags", "Tags\Tags.vbproj", "{4DD3C93F-61C5-4DCF-9832-2403D9439BD2}"
EndProject
Project("{F184B08F-C81C-45F6-A57F-5ABD9991F28F}") = "ToDoModel", "ToDoModel\ToDoModel.vbproj", "{91AA7C42-F0AB-4802-AA8B-0C73EA6EA3C9}"
EndProject
Project("{FAE04EC0-301F-11D3-BF4B-00C04F79EFBC}") = "ToDoModel.Test", "ToDoModel.Test\ToDoModel.Test.csproj", "{6EE2B4F0-28FA-47AE-8E0C-8B71376E798D}"
EndProject
Project("{F184B08F-C81C-45F6-A57F-5ABD9991F28F}") = "CleanProjectToTest", "CleanProjectToTest\CleanProjectToTest.vbproj", "{D620A8F6-AFAE-4753-834D-4035DF396CDB}"
EndProject
Project("{F184B08F-C81C-45F6-A57F-5ABD9991F28F}") = "TaskMaster", "TaskMaster\TaskMaster.vbproj", "{752A10ED-36F8-4AF1-A528-6240AA89F041}"
EndProject
Project("{F184B08F-C81C-45F6-A57F-5ABD9991F28F}") = "TaskVisualization", "TaskVisualization\TaskVisualization.vbproj", "{CD11D1CB-DD70-4413-B278-263F5474C4B5}"
EndProject
Project("{FAE04EC0-301F-11D3-BF4B-00C04F79EFBC}") = "TaskMaster.Test", "TaskMaster.Test\TaskMaster.Test.csproj", "{F535E5EC-CFBC-40F4-AB2E-7159F53FDB44}"
EndProject
Project("{F184B08F-C81C-45F6-A57F-5ABD9991F28F}") = "UtilitiesVB.Test", "UtilitiesVB.Test\UtilitiesVB.Test.vbproj", "{14090411-D873-4A08-81BD-E9BC9D9EA2CC}"
EndProject
Project("{FAE04EC0-301F-11D3-BF4B-00C04F79EFBC}") = "UtilitiesCS", "UtilitiesCS\UtilitiesCS.csproj", "{46628EC9-8A89-491E-84A2-6CF3069BA011}"
EndProject
Project("{FAE04EC0-301F-11D3-BF4B-00C04F79EFBC}") = "UtilitiesCS.Test", "UtilitiesCS.Test\UtilitiesCS.Test.csproj", "{5DB8647F-4479-451F-B19A-10A4A0D62675}"
EndProject
Project("{2150E333-8FDC-42A3-9474-1A3956D46DE8}") = "Solution Items", "Solution Items", "{586F8EE3-DE4F-4787-9F8D-23B02BAEB8ED}"
	ProjectSection(SolutionItems) = preProject
		.editorconfig = .editorconfig
	EndProjectSection
EndProject
Project("{FAE04EC0-301F-11D3-BF4B-00C04F79EFBC}") = "QuickFilerPort", "QuickFilerPort\QuickFilerPort.csproj", "{6FCA0845-4C4B-0CBA-217F-7F3C4FB5DFD5}"
EndProject
Project("{FAE04EC0-301F-11D3-BF4B-00C04F79EFBC}") = "QuickFiler", "QuickFiler\QuickFiler.csproj", "{71735D4F-611A-4470-9170-4D9437534377}"
EndProject
Project("{FAE04EC0-301F-11D3-BF4B-00C04F79EFBC}") = "QuickFilerVB.Test", "QuickFilerVB.Test\QuickFilerVB.Test.csproj", "{1857B6D0-0551-0E8C-05D2-48D27EDE26D6}"
EndProject
Project("{FAE04EC0-301F-11D3-BF4B-00C04F79EFBC}") = "QuickFiler.Test", "QuickFiler.Test\QuickFiler.Test.csproj", "{834DE5B0-03C8-4483-A4BC-A7975064C5A2}"
EndProject
Project("{FAE04EC0-301F-11D3-BF4B-00C04F79EFBC}") = "TaskVisualization.Test", "TaskVisualization.Test\TaskVisualization.Test.csproj", "{EEDAFFF0-EC43-4B95-A10B-27A9CC3C3667}"
EndProject
Project("{FAE04EC0-301F-11D3-BF4B-00C04F79EFBC}") = "EmailIntelligence", "EmailIntelligence\EmailIntelligence.csproj", "{6B8006B4-9EB2-466E-A178-3E69FF42E16E}"
EndProject
Global
	GlobalSection(SolutionConfigurationPlatforms) = preSolution
		Debug|Any CPU = Debug|Any CPU
		Debug|x86 = Debug|x86
		Release|Any CPU = Release|Any CPU
		Release|x86 = Release|x86
	EndGlobalSection
	GlobalSection(ProjectConfigurationPlatforms) = postSolution
		{2090BE3A-1105-4900-A481-EC1795A32BC0}.Debug|Any CPU.ActiveCfg = Debug|Any CPU
		{2090BE3A-1105-4900-A481-EC1795A32BC0}.Debug|Any CPU.Build.0 = Debug|Any CPU
		{2090BE3A-1105-4900-A481-EC1795A32BC0}.Debug|x86.ActiveCfg = Debug|Any CPU
		{2090BE3A-1105-4900-A481-EC1795A32BC0}.Debug|x86.Build.0 = Debug|Any CPU
		{2090BE3A-1105-4900-A481-EC1795A32BC0}.Release|Any CPU.ActiveCfg = Release|Any CPU
		{2090BE3A-1105-4900-A481-EC1795A32BC0}.Release|Any CPU.Build.0 = Release|Any CPU
		{2090BE3A-1105-4900-A481-EC1795A32BC0}.Release|x86.ActiveCfg = Release|Any CPU
		{2090BE3A-1105-4900-A481-EC1795A32BC0}.Release|x86.Build.0 = Release|Any CPU
		{4DD3C93F-61C5-4DCF-9832-2403D9439BD2}.Debug|Any CPU.ActiveCfg = Debug|Any CPU
		{4DD3C93F-61C5-4DCF-9832-2403D9439BD2}.Debug|Any CPU.Build.0 = Debug|Any CPU
		{4DD3C93F-61C5-4DCF-9832-2403D9439BD2}.Debug|x86.ActiveCfg = Debug|Any CPU
		{4DD3C93F-61C5-4DCF-9832-2403D9439BD2}.Debug|x86.Build.0 = Debug|Any CPU
		{4DD3C93F-61C5-4DCF-9832-2403D9439BD2}.Release|Any CPU.ActiveCfg = Release|Any CPU
		{4DD3C93F-61C5-4DCF-9832-2403D9439BD2}.Release|Any CPU.Build.0 = Release|Any CPU
		{4DD3C93F-61C5-4DCF-9832-2403D9439BD2}.Release|x86.ActiveCfg = Release|Any CPU
		{4DD3C93F-61C5-4DCF-9832-2403D9439BD2}.Release|x86.Build.0 = Release|Any CPU
		{91AA7C42-F0AB-4802-AA8B-0C73EA6EA3C9}.Debug|Any CPU.ActiveCfg = Debug|Any CPU
		{91AA7C42-F0AB-4802-AA8B-0C73EA6EA3C9}.Debug|Any CPU.Build.0 = Debug|Any CPU
		{91AA7C42-F0AB-4802-AA8B-0C73EA6EA3C9}.Debug|x86.ActiveCfg = Debug|Any CPU
		{91AA7C42-F0AB-4802-AA8B-0C73EA6EA3C9}.Debug|x86.Build.0 = Debug|Any CPU
		{91AA7C42-F0AB-4802-AA8B-0C73EA6EA3C9}.Release|Any CPU.ActiveCfg = Release|Any CPU
		{91AA7C42-F0AB-4802-AA8B-0C73EA6EA3C9}.Release|Any CPU.Build.0 = Release|Any CPU
		{91AA7C42-F0AB-4802-AA8B-0C73EA6EA3C9}.Release|x86.ActiveCfg = Release|Any CPU
		{91AA7C42-F0AB-4802-AA8B-0C73EA6EA3C9}.Release|x86.Build.0 = Release|Any CPU
		{6EE2B4F0-28FA-47AE-8E0C-8B71376E798D}.Debug|Any CPU.ActiveCfg = Debug|Any CPU
		{6EE2B4F0-28FA-47AE-8E0C-8B71376E798D}.Debug|Any CPU.Build.0 = Debug|Any CPU
		{6EE2B4F0-28FA-47AE-8E0C-8B71376E798D}.Debug|x86.ActiveCfg = Debug|Any CPU
		{6EE2B4F0-28FA-47AE-8E0C-8B71376E798D}.Debug|x86.Build.0 = Debug|Any CPU
		{6EE2B4F0-28FA-47AE-8E0C-8B71376E798D}.Release|Any CPU.ActiveCfg = Release|Any CPU
		{6EE2B4F0-28FA-47AE-8E0C-8B71376E798D}.Release|Any CPU.Build.0 = Release|Any CPU
		{6EE2B4F0-28FA-47AE-8E0C-8B71376E798D}.Release|x86.ActiveCfg = Release|Any CPU
		{6EE2B4F0-28FA-47AE-8E0C-8B71376E798D}.Release|x86.Build.0 = Release|Any CPU
		{D620A8F6-AFAE-4753-834D-4035DF396CDB}.Debug|Any CPU.ActiveCfg = Debug|Any CPU
		{D620A8F6-AFAE-4753-834D-4035DF396CDB}.Debug|Any CPU.Build.0 = Debug|Any CPU
		{D620A8F6-AFAE-4753-834D-4035DF396CDB}.Debug|x86.ActiveCfg = Debug|Any CPU
		{D620A8F6-AFAE-4753-834D-4035DF396CDB}.Debug|x86.Build.0 = Debug|Any CPU
		{D620A8F6-AFAE-4753-834D-4035DF396CDB}.Release|Any CPU.ActiveCfg = Release|Any CPU
		{D620A8F6-AFAE-4753-834D-4035DF396CDB}.Release|Any CPU.Build.0 = Release|Any CPU
		{D620A8F6-AFAE-4753-834D-4035DF396CDB}.Release|x86.ActiveCfg = Release|Any CPU
		{D620A8F6-AFAE-4753-834D-4035DF396CDB}.Release|x86.Build.0 = Release|Any CPU
		{752A10ED-36F8-4AF1-A528-6240AA89F041}.Debug|Any CPU.ActiveCfg = Debug|Any CPU
		{752A10ED-36F8-4AF1-A528-6240AA89F041}.Debug|Any CPU.Build.0 = Debug|Any CPU
		{752A10ED-36F8-4AF1-A528-6240AA89F041}.Debug|x86.ActiveCfg = Debug|Any CPU
		{752A10ED-36F8-4AF1-A528-6240AA89F041}.Debug|x86.Build.0 = Debug|Any CPU
		{752A10ED-36F8-4AF1-A528-6240AA89F041}.Release|Any CPU.ActiveCfg = Release|Any CPU
		{752A10ED-36F8-4AF1-A528-6240AA89F041}.Release|Any CPU.Build.0 = Release|Any CPU
		{752A10ED-36F8-4AF1-A528-6240AA89F041}.Release|x86.ActiveCfg = Release|Any CPU
		{752A10ED-36F8-4AF1-A528-6240AA89F041}.Release|x86.Build.0 = Release|Any CPU
		{CD11D1CB-DD70-4413-B278-263F5474C4B5}.Debug|Any CPU.ActiveCfg = Debug|Any CPU
		{CD11D1CB-DD70-4413-B278-263F5474C4B5}.Debug|Any CPU.Build.0 = Debug|Any CPU
		{CD11D1CB-DD70-4413-B278-263F5474C4B5}.Debug|x86.ActiveCfg = Debug|Any CPU
		{CD11D1CB-DD70-4413-B278-263F5474C4B5}.Debug|x86.Build.0 = Debug|Any CPU
		{CD11D1CB-DD70-4413-B278-263F5474C4B5}.Release|Any CPU.ActiveCfg = Release|Any CPU
		{CD11D1CB-DD70-4413-B278-263F5474C4B5}.Release|Any CPU.Build.0 = Release|Any CPU
		{CD11D1CB-DD70-4413-B278-263F5474C4B5}.Release|x86.ActiveCfg = Release|Any CPU
		{CD11D1CB-DD70-4413-B278-263F5474C4B5}.Release|x86.Build.0 = Release|Any CPU
		{F535E5EC-CFBC-40F4-AB2E-7159F53FDB44}.Debug|Any CPU.ActiveCfg = Debug|Any CPU
		{F535E5EC-CFBC-40F4-AB2E-7159F53FDB44}.Debug|Any CPU.Build.0 = Debug|Any CPU
		{F535E5EC-CFBC-40F4-AB2E-7159F53FDB44}.Debug|x86.ActiveCfg = Debug|Any CPU
		{F535E5EC-CFBC-40F4-AB2E-7159F53FDB44}.Debug|x86.Build.0 = Debug|Any CPU
		{F535E5EC-CFBC-40F4-AB2E-7159F53FDB44}.Release|Any CPU.ActiveCfg = Release|Any CPU
		{F535E5EC-CFBC-40F4-AB2E-7159F53FDB44}.Release|Any CPU.Build.0 = Release|Any CPU
		{F535E5EC-CFBC-40F4-AB2E-7159F53FDB44}.Release|x86.ActiveCfg = Release|Any CPU
		{F535E5EC-CFBC-40F4-AB2E-7159F53FDB44}.Release|x86.Build.0 = Release|Any CPU
		{14090411-D873-4A08-81BD-E9BC9D9EA2CC}.Debug|Any CPU.ActiveCfg = Debug|Any CPU
		{14090411-D873-4A08-81BD-E9BC9D9EA2CC}.Debug|Any CPU.Build.0 = Debug|Any CPU
		{14090411-D873-4A08-81BD-E9BC9D9EA2CC}.Debug|x86.ActiveCfg = Debug|Any CPU
		{14090411-D873-4A08-81BD-E9BC9D9EA2CC}.Debug|x86.Build.0 = Debug|Any CPU
		{14090411-D873-4A08-81BD-E9BC9D9EA2CC}.Release|Any CPU.ActiveCfg = Release|Any CPU
		{14090411-D873-4A08-81BD-E9BC9D9EA2CC}.Release|Any CPU.Build.0 = Release|Any CPU
		{14090411-D873-4A08-81BD-E9BC9D9EA2CC}.Release|x86.ActiveCfg = Release|Any CPU
		{14090411-D873-4A08-81BD-E9BC9D9EA2CC}.Release|x86.Build.0 = Release|Any CPU
		{46628EC9-8A89-491E-84A2-6CF3069BA011}.Debug|Any CPU.ActiveCfg = Debug|Any CPU
		{46628EC9-8A89-491E-84A2-6CF3069BA011}.Debug|Any CPU.Build.0 = Debug|Any CPU
		{46628EC9-8A89-491E-84A2-6CF3069BA011}.Debug|x86.ActiveCfg = Debug|Any CPU
		{46628EC9-8A89-491E-84A2-6CF3069BA011}.Debug|x86.Build.0 = Debug|Any CPU
		{46628EC9-8A89-491E-84A2-6CF3069BA011}.Release|Any CPU.ActiveCfg = Release|Any CPU
		{46628EC9-8A89-491E-84A2-6CF3069BA011}.Release|Any CPU.Build.0 = Release|Any CPU
		{46628EC9-8A89-491E-84A2-6CF3069BA011}.Release|x86.ActiveCfg = Release|Any CPU
		{46628EC9-8A89-491E-84A2-6CF3069BA011}.Release|x86.Build.0 = Release|Any CPU
		{5DB8647F-4479-451F-B19A-10A4A0D62675}.Debug|Any CPU.ActiveCfg = Debug|Any CPU
		{5DB8647F-4479-451F-B19A-10A4A0D62675}.Debug|Any CPU.Build.0 = Debug|Any CPU
		{5DB8647F-4479-451F-B19A-10A4A0D62675}.Debug|x86.ActiveCfg = Debug|Any CPU
		{5DB8647F-4479-451F-B19A-10A4A0D62675}.Debug|x86.Build.0 = Debug|Any CPU
		{5DB8647F-4479-451F-B19A-10A4A0D62675}.Release|Any CPU.ActiveCfg = Release|Any CPU
		{5DB8647F-4479-451F-B19A-10A4A0D62675}.Release|Any CPU.Build.0 = Release|Any CPU
		{5DB8647F-4479-451F-B19A-10A4A0D62675}.Release|x86.ActiveCfg = Release|Any CPU
		{5DB8647F-4479-451F-B19A-10A4A0D62675}.Release|x86.Build.0 = Release|Any CPU
		{6FCA0845-4C4B-0CBA-217F-7F3C4FB5DFD5}.Debug|Any CPU.ActiveCfg = Debug|Any CPU
		{6FCA0845-4C4B-0CBA-217F-7F3C4FB5DFD5}.Debug|Any CPU.Build.0 = Debug|Any CPU
		{6FCA0845-4C4B-0CBA-217F-7F3C4FB5DFD5}.Debug|x86.ActiveCfg = Debug|Any CPU
		{6FCA0845-4C4B-0CBA-217F-7F3C4FB5DFD5}.Debug|x86.Build.0 = Debug|Any CPU
		{6FCA0845-4C4B-0CBA-217F-7F3C4FB5DFD5}.Release|Any CPU.ActiveCfg = Release|Any CPU
		{6FCA0845-4C4B-0CBA-217F-7F3C4FB5DFD5}.Release|Any CPU.Build.0 = Release|Any CPU
		{6FCA0845-4C4B-0CBA-217F-7F3C4FB5DFD5}.Release|x86.ActiveCfg = Release|Any CPU
		{6FCA0845-4C4B-0CBA-217F-7F3C4FB5DFD5}.Release|x86.Build.0 = Release|Any CPU
		{71735D4F-611A-4470-9170-4D9437534377}.Debug|Any CPU.ActiveCfg = Debug|Any CPU
		{71735D4F-611A-4470-9170-4D9437534377}.Debug|Any CPU.Build.0 = Debug|Any CPU
		{71735D4F-611A-4470-9170-4D9437534377}.Debug|x86.ActiveCfg = Debug|Any CPU
		{71735D4F-611A-4470-9170-4D9437534377}.Debug|x86.Build.0 = Debug|Any CPU
		{71735D4F-611A-4470-9170-4D9437534377}.Release|Any CPU.ActiveCfg = Release|Any CPU
		{71735D4F-611A-4470-9170-4D9437534377}.Release|Any CPU.Build.0 = Release|Any CPU
		{71735D4F-611A-4470-9170-4D9437534377}.Release|x86.ActiveCfg = Release|Any CPU
		{71735D4F-611A-4470-9170-4D9437534377}.Release|x86.Build.0 = Release|Any CPU
		{1857B6D0-0551-0E8C-05D2-48D27EDE26D6}.Debug|Any CPU.ActiveCfg = Debug|Any CPU
		{1857B6D0-0551-0E8C-05D2-48D27EDE26D6}.Debug|Any CPU.Build.0 = Debug|Any CPU
		{1857B6D0-0551-0E8C-05D2-48D27EDE26D6}.Debug|x86.ActiveCfg = Debug|Any CPU
		{1857B6D0-0551-0E8C-05D2-48D27EDE26D6}.Debug|x86.Build.0 = Debug|Any CPU
		{1857B6D0-0551-0E8C-05D2-48D27EDE26D6}.Release|Any CPU.ActiveCfg = Release|Any CPU
		{1857B6D0-0551-0E8C-05D2-48D27EDE26D6}.Release|Any CPU.Build.0 = Release|Any CPU
		{1857B6D0-0551-0E8C-05D2-48D27EDE26D6}.Release|x86.ActiveCfg = Release|Any CPU
		{1857B6D0-0551-0E8C-05D2-48D27EDE26D6}.Release|x86.Build.0 = Release|Any CPU
		{834DE5B0-03C8-4483-A4BC-A7975064C5A2}.Debug|Any CPU.ActiveCfg = Debug|Any CPU
		{834DE5B0-03C8-4483-A4BC-A7975064C5A2}.Debug|Any CPU.Build.0 = Debug|Any CPU
		{834DE5B0-03C8-4483-A4BC-A7975064C5A2}.Debug|x86.ActiveCfg = Debug|Any CPU
		{834DE5B0-03C8-4483-A4BC-A7975064C5A2}.Debug|x86.Build.0 = Debug|Any CPU
		{834DE5B0-03C8-4483-A4BC-A7975064C5A2}.Release|Any CPU.ActiveCfg = Release|Any CPU
		{834DE5B0-03C8-4483-A4BC-A7975064C5A2}.Release|Any CPU.Build.0 = Release|Any CPU
		{834DE5B0-03C8-4483-A4BC-A7975064C5A2}.Release|x86.ActiveCfg = Release|Any CPU
		{834DE5B0-03C8-4483-A4BC-A7975064C5A2}.Release|x86.Build.0 = Release|Any CPU
		{EEDAFFF0-EC43-4B95-A10B-27A9CC3C3667}.Debug|Any CPU.ActiveCfg = Debug|Any CPU
		{EEDAFFF0-EC43-4B95-A10B-27A9CC3C3667}.Debug|Any CPU.Build.0 = Debug|Any CPU
		{EEDAFFF0-EC43-4B95-A10B-27A9CC3C3667}.Debug|x86.ActiveCfg = Debug|Any CPU
		{EEDAFFF0-EC43-4B95-A10B-27A9CC3C3667}.Debug|x86.Build.0 = Debug|Any CPU
		{EEDAFFF0-EC43-4B95-A10B-27A9CC3C3667}.Release|Any CPU.ActiveCfg = Release|Any CPU
		{EEDAFFF0-EC43-4B95-A10B-27A9CC3C3667}.Release|Any CPU.Build.0 = Release|Any CPU
		{EEDAFFF0-EC43-4B95-A10B-27A9CC3C3667}.Release|x86.ActiveCfg = Release|Any CPU
		{EEDAFFF0-EC43-4B95-A10B-27A9CC3C3667}.Release|x86.Build.0 = Release|Any CPU
		{6B8006B4-9EB2-466E-A178-3E69FF42E16E}.Debug|Any CPU.ActiveCfg = Debug|Any CPU
		{6B8006B4-9EB2-466E-A178-3E69FF42E16E}.Debug|Any CPU.Build.0 = Debug|Any CPU
		{6B8006B4-9EB2-466E-A178-3E69FF42E16E}.Debug|x86.ActiveCfg = Debug|Any CPU
		{6B8006B4-9EB2-466E-A178-3E69FF42E16E}.Debug|x86.Build.0 = Debug|Any CPU
		{6B8006B4-9EB2-466E-A178-3E69FF42E16E}.Release|Any CPU.ActiveCfg = Release|Any CPU
		{6B8006B4-9EB2-466E-A178-3E69FF42E16E}.Release|Any CPU.Build.0 = Release|Any CPU
		{6B8006B4-9EB2-466E-A178-3E69FF42E16E}.Release|x86.ActiveCfg = Release|Any CPU
		{6B8006B4-9EB2-466E-A178-3E69FF42E16E}.Release|x86.Build.0 = Release|Any CPU
	EndGlobalSection
	GlobalSection(SolutionProperties) = preSolution
		HideSolutionNode = FALSE
	EndGlobalSection
	GlobalSection(ExtensibilityGlobals) = postSolution
		SolutionGuid = {CDB30996-B15F-49B4-B690-E559D01EEE81}
	EndGlobalSection
EndGlobal
