
Microsoft Visual Studio Solution File, Format Version 12.00
# Visual Studio Version 17
VisualStudioVersion = 17.2.32602.215
MinimumVisualStudioVersion = 10.0.40219.1
Project("{FAE04EC0-301F-11D3-BF4B-00C04F79EFBC}") = "Tags", "Tags\Tags.csproj", "{FFF74854-AD9D-023E-1A6A-EE7DBBD4AF72}"
EndProject
Project("{FAE04EC0-301F-11D3-BF4B-00C04F79EFBC}") = "ToDoModel", "ToDoModel\ToDoModel.csproj", "{238EFD29-3CF3-07F3-28D3-C60D88F99769}"
EndProject
Project("{FAE04EC0-301F-11D3-BF4B-00C04F79EFBC}") = "ToDoModel.Test", "ToDoModel.Test\ToDoModel.Test.csproj", "{6EE2B4F0-28FA-47AE-8E0C-8B71376E798D}"
EndProject
Project("{FAE04EC0-301F-11D3-BF4B-00C04F79EFBC}") = "TaskVisualization", "TaskVisualization\TaskVisualization.csproj", "{7F3550A0-1128-0BE2-3020-EC4136E3F015}"
EndProject
Project("{FAE04EC0-301F-11D3-BF4B-00C04F79EFBC}") = "TaskMaster.Test", "TaskMaster.Test\TaskMaster.Test.csproj", "{F535E5EC-CFBC-40F4-AB2E-7159F53FDB44}"
	ProjectSection(ProjectDependencies) = postProject
		{68924FDF-614D-447C-A175-450860DDB597} = {68924FDF-614D-447C-A175-450860DDB597}
	EndProjectSection
EndProject
Project("{FAE04EC0-301F-11D3-BF4B-00C04F79EFBC}") = "UtilitiesCS", "UtilitiesCS\UtilitiesCS.csproj", "{46628EC9-8A89-491E-84A2-6CF3069BA011}"
EndProject
Project("{FAE04EC0-301F-11D3-BF4B-00C04F79EFBC}") = "UtilitiesCS.Test", "UtilitiesCS.Test\UtilitiesCS.Test.csproj", "{5DB8647F-4479-451F-B19A-10A4A0D62675}"
EndProject
Project("{2150E333-8FDC-42A3-9474-1A3956D46DE8}") = "Solution Items", "Solution Items", "{586F8EE3-DE4F-4787-9F8D-23B02BAEB8ED}"
EndProject
Project("{FAE04EC0-301F-11D3-BF4B-00C04F79EFBC}") = "QuickFiler", "QuickFiler\QuickFiler.csproj", "{71735D4F-611A-4470-9170-4D9437534377}"
EndProject
Project("{FAE04EC0-301F-11D3-BF4B-00C04F79EFBC}") = "QuickFiler.Test", "QuickFiler.Test\QuickFiler.Test.csproj", "{834DE5B0-03C8-4483-A4BC-A7975064C5A2}"
EndProject
Project("{FAE04EC0-301F-11D3-BF4B-00C04F79EFBC}") = "TaskVisualization.Test", "TaskVisualization.Test\TaskVisualization.Test.csproj", "{EEDAFFF0-EC43-4B95-A10B-27A9CC3C3667}"
EndProject
Project("{FAE04EC0-301F-11D3-BF4B-00C04F79EFBC}") = "TaskTree", "TaskTree\TaskTree.csproj", "{8F7F59E6-18A7-0CF3-0E1D-4478954B612A}"
EndProject
Project("{FAE04EC0-301F-11D3-BF4B-00C04F79EFBC}") = "TaskMaster", "TaskMaster\TaskMaster.csproj", "{68924FDF-614D-447C-A175-450860DDB597}"
EndProject
Project("{FAE04EC0-301F-11D3-BF4B-00C04F79EFBC}") = "UtilitiesSwordfish.NET.General", "UtilitiesSwordfish\UtilitiesSwordfish.NET.General.csproj", "{F2E1680E-1B15-4CF2-BAB0-54B8C8F6ABDF}"
EndProject
Project("{FAE04EC0-301F-11D3-BF4B-00C04F79EFBC}") = "UtilitiesSwordfish.NET.Test", "UtilitiesSwordfish.Test\UtilitiesSwordfish.NET.Test.csproj", "{9A04D222-2B52-4E93-9B92-CC6EF54D5848}"
EndProject
Project("{FAE04EC0-301F-11D3-BF4B-00C04F79EFBC}") = "Tags.Test", "Tags.Test\Tags.Test.csproj", "{486C1CAE-5C32-406E-963F-79F654EC9B07}"
	ProjectSection(ProjectDependencies) = postProject
		{FFF74854-AD9D-023E-1A6A-EE7DBBD4AF72} = {FFF74854-AD9D-023E-1A6A-EE7DBBD4AF72}
	EndProjectSection
EndProject
Project("{FAE04EC0-301F-11D3-BF4B-00C04F79EFBC}") = "SVGControl", "SVGControl\SVGControl.csproj", "{D0FEE0D9-901A-4FB8-97D1-96A8F634B83C}"
EndProject
Project("{FAE04EC0-301F-11D3-BF4B-00C04F79EFBC}") = "VBFunctions", "VBFunctions\VBFunctions.csproj", "{C10DBD94-A7F6-43BC-8630-43002722D130}"
EndProject
Project("{FAE04EC0-301F-11D3-BF4B-00C04F79EFBC}") = "VBFunctions.Test", "VBFunctions.Test\VBFunctions.Test.csproj", "{F2D6D90D-A3E8-4067-B546-D5BBB231FC23}"
EndProject
Global
	GlobalSection(SolutionConfigurationPlatforms) = preSolution
		Debug|Any CPU = Debug|Any CPU
		Debug|x64 = Debug|x64
		Debug|x86 = Debug|x86
		Release|Any CPU = Release|Any CPU
		Release|x64 = Release|x64
		Release|x86 = Release|x86
	EndGlobalSection
	GlobalSection(ProjectConfigurationPlatforms) = postSolution
		{FFF74854-AD9D-023E-1A6A-EE7DBBD4AF72}.Debug|Any CPU.ActiveCfg = Debug|Any CPU
		{FFF74854-AD9D-023E-1A6A-EE7DBBD4AF72}.Debug|Any CPU.Build.0 = Debug|Any CPU
		{FFF74854-AD9D-023E-1A6A-EE7DBBD4AF72}.Debug|x64.ActiveCfg = Debug|Any CPU
		{FFF74854-AD9D-023E-1A6A-EE7DBBD4AF72}.Debug|x64.Build.0 = Debug|Any CPU
		{FFF74854-AD9D-023E-1A6A-EE7DBBD4AF72}.Debug|x86.ActiveCfg = Debug|x86
		{FFF74854-AD9D-023E-1A6A-EE7DBBD4AF72}.Debug|x86.Build.0 = Debug|x86
		{FFF74854-AD9D-023E-1A6A-EE7DBBD4AF72}.Release|Any CPU.ActiveCfg = Release|Any CPU
		{FFF74854-AD9D-023E-1A6A-EE7DBBD4AF72}.Release|Any CPU.Build.0 = Release|Any CPU
		{FFF74854-AD9D-023E-1A6A-EE7DBBD4AF72}.Release|x64.ActiveCfg = Release|Any CPU
		{FFF74854-AD9D-023E-1A6A-EE7DBBD4AF72}.Release|x64.Build.0 = Release|Any CPU
		{FFF74854-AD9D-023E-1A6A-EE7DBBD4AF72}.Release|x86.ActiveCfg = Release|Any CPU
		{FFF74854-AD9D-023E-1A6A-EE7DBBD4AF72}.Release|x86.Build.0 = Release|Any CPU
		{238EFD29-3CF3-07F3-28D3-C60D88F99769}.Debug|Any CPU.ActiveCfg = Debug|Any CPU
		{238EFD29-3CF3-07F3-28D3-C60D88F99769}.Debug|Any CPU.Build.0 = Debug|Any CPU
		{238EFD29-3CF3-07F3-28D3-C60D88F99769}.Debug|x64.ActiveCfg = Debug|Any CPU
		{238EFD29-3CF3-07F3-28D3-C60D88F99769}.Debug|x64.Build.0 = Debug|Any CPU
		{238EFD29-3CF3-07F3-28D3-C60D88F99769}.Debug|x86.ActiveCfg = Debug|x86
		{238EFD29-3CF3-07F3-28D3-C60D88F99769}.Debug|x86.Build.0 = Debug|x86
		{238EFD29-3CF3-07F3-28D3-C60D88F99769}.Release|Any CPU.ActiveCfg = Release|Any CPU
		{238EFD29-3CF3-07F3-28D3-C60D88F99769}.Release|Any CPU.Build.0 = Release|Any CPU
		{238EFD29-3CF3-07F3-28D3-C60D88F99769}.Release|x64.ActiveCfg = Release|Any CPU
		{238EFD29-3CF3-07F3-28D3-C60D88F99769}.Release|x64.Build.0 = Release|Any CPU
		{238EFD29-3CF3-07F3-28D3-C60D88F99769}.Release|x86.ActiveCfg = Release|Any CPU
		{238EFD29-3CF3-07F3-28D3-C60D88F99769}.Release|x86.Build.0 = Release|Any CPU
		{6EE2B4F0-28FA-47AE-8E0C-8B71376E798D}.Debug|Any CPU.ActiveCfg = Debug|Any CPU
		{6EE2B4F0-28FA-47AE-8E0C-8B71376E798D}.Debug|Any CPU.Build.0 = Debug|Any CPU
		{6EE2B4F0-28FA-47AE-8E0C-8B71376E798D}.Debug|x64.ActiveCfg = Debug|Any CPU
		{6EE2B4F0-28FA-47AE-8E0C-8B71376E798D}.Debug|x64.Build.0 = Debug|Any CPU
		{6EE2B4F0-28FA-47AE-8E0C-8B71376E798D}.Debug|x86.ActiveCfg = Debug|x86
		{6EE2B4F0-28FA-47AE-8E0C-8B71376E798D}.Debug|x86.Build.0 = Debug|x86
		{6EE2B4F0-28FA-47AE-8E0C-8B71376E798D}.Release|Any CPU.ActiveCfg = Release|Any CPU
		{6EE2B4F0-28FA-47AE-8E0C-8B71376E798D}.Release|Any CPU.Build.0 = Release|Any CPU
		{6EE2B4F0-28FA-47AE-8E0C-8B71376E798D}.Release|x64.ActiveCfg = Release|Any CPU
		{6EE2B4F0-28FA-47AE-8E0C-8B71376E798D}.Release|x64.Build.0 = Release|Any CPU
		{6EE2B4F0-28FA-47AE-8E0C-8B71376E798D}.Release|x86.ActiveCfg = Release|Any CPU
		{6EE2B4F0-28FA-47AE-8E0C-8B71376E798D}.Release|x86.Build.0 = Release|Any CPU
		{7F3550A0-1128-0BE2-3020-EC4136E3F015}.Debug|Any CPU.ActiveCfg = Debug|Any CPU
		{7F3550A0-1128-0BE2-3020-EC4136E3F015}.Debug|Any CPU.Build.0 = Debug|Any CPU
		{7F3550A0-1128-0BE2-3020-EC4136E3F015}.Debug|x64.ActiveCfg = Debug|Any CPU
		{7F3550A0-1128-0BE2-3020-EC4136E3F015}.Debug|x64.Build.0 = Debug|Any CPU
		{7F3550A0-1128-0BE2-3020-EC4136E3F015}.Debug|x86.ActiveCfg = Debug|x86
		{7F3550A0-1128-0BE2-3020-EC4136E3F015}.Debug|x86.Build.0 = Debug|x86
		{7F3550A0-1128-0BE2-3020-EC4136E3F015}.Release|Any CPU.ActiveCfg = Release|Any CPU
		{7F3550A0-1128-0BE2-3020-EC4136E3F015}.Release|Any CPU.Build.0 = Release|Any CPU
		{7F3550A0-1128-0BE2-3020-EC4136E3F015}.Release|x64.ActiveCfg = Release|Any CPU
		{7F3550A0-1128-0BE2-3020-EC4136E3F015}.Release|x64.Build.0 = Release|Any CPU
		{7F3550A0-1128-0BE2-3020-EC4136E3F015}.Release|x86.ActiveCfg = Release|Any CPU
		{7F3550A0-1128-0BE2-3020-EC4136E3F015}.Release|x86.Build.0 = Release|Any CPU
		{F535E5EC-CFBC-40F4-AB2E-7159F53FDB44}.Debug|Any CPU.ActiveCfg = Debug|Any CPU
		{F535E5EC-CFBC-40F4-AB2E-7159F53FDB44}.Debug|Any CPU.Build.0 = Debug|Any CPU
		{F535E5EC-CFBC-40F4-AB2E-7159F53FDB44}.Debug|x64.ActiveCfg = Debug|Any CPU
		{F535E5EC-CFBC-40F4-AB2E-7159F53FDB44}.Debug|x64.Build.0 = Debug|Any CPU
		{F535E5EC-CFBC-40F4-AB2E-7159F53FDB44}.Debug|x86.ActiveCfg = Debug|x86
		{F535E5EC-CFBC-40F4-AB2E-7159F53FDB44}.Debug|x86.Build.0 = Debug|x86
		{F535E5EC-CFBC-40F4-AB2E-7159F53FDB44}.Release|Any CPU.ActiveCfg = Release|Any CPU
		{F535E5EC-CFBC-40F4-AB2E-7159F53FDB44}.Release|Any CPU.Build.0 = Release|Any CPU
		{F535E5EC-CFBC-40F4-AB2E-7159F53FDB44}.Release|x64.ActiveCfg = Release|Any CPU
		{F535E5EC-CFBC-40F4-AB2E-7159F53FDB44}.Release|x64.Build.0 = Release|Any CPU
		{F535E5EC-CFBC-40F4-AB2E-7159F53FDB44}.Release|x86.ActiveCfg = Release|Any CPU
		{F535E5EC-CFBC-40F4-AB2E-7159F53FDB44}.Release|x86.Build.0 = Release|Any CPU
		{46628EC9-8A89-491E-84A2-6CF3069BA011}.Debug|Any CPU.ActiveCfg = Debug|Any CPU
		{46628EC9-8A89-491E-84A2-6CF3069BA011}.Debug|Any CPU.Build.0 = Debug|Any CPU
		{46628EC9-8A89-491E-84A2-6CF3069BA011}.Debug|x64.ActiveCfg = Debug|Any CPU
		{46628EC9-8A89-491E-84A2-6CF3069BA011}.Debug|x64.Build.0 = Debug|Any CPU
		{46628EC9-8A89-491E-84A2-6CF3069BA011}.Debug|x86.ActiveCfg = Debug|x86
		{46628EC9-8A89-491E-84A2-6CF3069BA011}.Debug|x86.Build.0 = Debug|x86
		{46628EC9-8A89-491E-84A2-6CF3069BA011}.Release|Any CPU.ActiveCfg = Release|Any CPU
		{46628EC9-8A89-491E-84A2-6CF3069BA011}.Release|Any CPU.Build.0 = Release|Any CPU
		{46628EC9-8A89-491E-84A2-6CF3069BA011}.Release|x64.ActiveCfg = Release|Any CPU
		{46628EC9-8A89-491E-84A2-6CF3069BA011}.Release|x64.Build.0 = Release|Any CPU
		{46628EC9-8A89-491E-84A2-6CF3069BA011}.Release|x86.ActiveCfg = Release|Any CPU
		{46628EC9-8A89-491E-84A2-6CF3069BA011}.Release|x86.Build.0 = Release|Any CPU
		{5DB8647F-4479-451F-B19A-10A4A0D62675}.Debug|Any CPU.ActiveCfg = Debug|Any CPU
		{5DB8647F-4479-451F-B19A-10A4A0D62675}.Debug|Any CPU.Build.0 = Debug|Any CPU
		{5DB8647F-4479-451F-B19A-10A4A0D62675}.Debug|x64.ActiveCfg = Debug|Any CPU
		{5DB8647F-4479-451F-B19A-10A4A0D62675}.Debug|x64.Build.0 = Debug|Any CPU
		{5DB8647F-4479-451F-B19A-10A4A0D62675}.Debug|x86.ActiveCfg = Debug|x86
		{5DB8647F-4479-451F-B19A-10A4A0D62675}.Debug|x86.Build.0 = Debug|x86
		{5DB8647F-4479-451F-B19A-10A4A0D62675}.Release|Any CPU.ActiveCfg = Release|Any CPU
		{5DB8647F-4479-451F-B19A-10A4A0D62675}.Release|Any CPU.Build.0 = Release|Any CPU
		{5DB8647F-4479-451F-B19A-10A4A0D62675}.Release|x64.ActiveCfg = Release|Any CPU
		{5DB8647F-4479-451F-B19A-10A4A0D62675}.Release|x64.Build.0 = Release|Any CPU
		{5DB8647F-4479-451F-B19A-10A4A0D62675}.Release|x86.ActiveCfg = Release|Any CPU
		{5DB8647F-4479-451F-B19A-10A4A0D62675}.Release|x86.Build.0 = Release|Any CPU
		{71735D4F-611A-4470-9170-4D9437534377}.Debug|Any CPU.ActiveCfg = Debug|Any CPU
		{71735D4F-611A-4470-9170-4D9437534377}.Debug|Any CPU.Build.0 = Debug|Any CPU
		{71735D4F-611A-4470-9170-4D9437534377}.Debug|x64.ActiveCfg = Debug|Any CPU
		{71735D4F-611A-4470-9170-4D9437534377}.Debug|x64.Build.0 = Debug|Any CPU
		{71735D4F-611A-4470-9170-4D9437534377}.Debug|x86.ActiveCfg = Debug|Any CPU
		{71735D4F-611A-4470-9170-4D9437534377}.Debug|x86.Build.0 = Debug|Any CPU
		{71735D4F-611A-4470-9170-4D9437534377}.Release|Any CPU.ActiveCfg = Release|Any CPU
		{71735D4F-611A-4470-9170-4D9437534377}.Release|Any CPU.Build.0 = Release|Any CPU
		{71735D4F-611A-4470-9170-4D9437534377}.Release|x64.ActiveCfg = Release|Any CPU
		{71735D4F-611A-4470-9170-4D9437534377}.Release|x64.Build.0 = Release|Any CPU
		{71735D4F-611A-4470-9170-4D9437534377}.Release|x86.ActiveCfg = Release|Any CPU
		{71735D4F-611A-4470-9170-4D9437534377}.Release|x86.Build.0 = Release|Any CPU
		{834DE5B0-03C8-4483-A4BC-A7975064C5A2}.Debug|Any CPU.ActiveCfg = Debug|Any CPU
		{834DE5B0-03C8-4483-A4BC-A7975064C5A2}.Debug|Any CPU.Build.0 = Debug|Any CPU
		{834DE5B0-03C8-4483-A4BC-A7975064C5A2}.Debug|x64.ActiveCfg = Debug|Any CPU
		{834DE5B0-03C8-4483-A4BC-A7975064C5A2}.Debug|x64.Build.0 = Debug|Any CPU
		{834DE5B0-03C8-4483-A4BC-A7975064C5A2}.Debug|x86.ActiveCfg = Debug|Any CPU
		{834DE5B0-03C8-4483-A4BC-A7975064C5A2}.Debug|x86.Build.0 = Debug|Any CPU
		{834DE5B0-03C8-4483-A4BC-A7975064C5A2}.Release|Any CPU.ActiveCfg = Release|Any CPU
		{834DE5B0-03C8-4483-A4BC-A7975064C5A2}.Release|Any CPU.Build.0 = Release|Any CPU
		{834DE5B0-03C8-4483-A4BC-A7975064C5A2}.Release|x64.ActiveCfg = Release|Any CPU
		{834DE5B0-03C8-4483-A4BC-A7975064C5A2}.Release|x64.Build.0 = Release|Any CPU
		{834DE5B0-03C8-4483-A4BC-A7975064C5A2}.Release|x86.ActiveCfg = Release|Any CPU
		{834DE5B0-03C8-4483-A4BC-A7975064C5A2}.Release|x86.Build.0 = Release|Any CPU
		{EEDAFFF0-EC43-4B95-A10B-27A9CC3C3667}.Debug|Any CPU.ActiveCfg = Debug|Any CPU
		{EEDAFFF0-EC43-4B95-A10B-27A9CC3C3667}.Debug|Any CPU.Build.0 = Debug|Any CPU
		{EEDAFFF0-EC43-4B95-A10B-27A9CC3C3667}.Debug|x64.ActiveCfg = Debug|Any CPU
		{EEDAFFF0-EC43-4B95-A10B-27A9CC3C3667}.Debug|x64.Build.0 = Debug|Any CPU
		{EEDAFFF0-EC43-4B95-A10B-27A9CC3C3667}.Debug|x86.ActiveCfg = Debug|x86
		{EEDAFFF0-EC43-4B95-A10B-27A9CC3C3667}.Debug|x86.Build.0 = Debug|x86
		{EEDAFFF0-EC43-4B95-A10B-27A9CC3C3667}.Release|Any CPU.ActiveCfg = Release|Any CPU
		{EEDAFFF0-EC43-4B95-A10B-27A9CC3C3667}.Release|Any CPU.Build.0 = Release|Any CPU
		{EEDAFFF0-EC43-4B95-A10B-27A9CC3C3667}.Release|x64.ActiveCfg = Release|Any CPU
		{EEDAFFF0-EC43-4B95-A10B-27A9CC3C3667}.Release|x64.Build.0 = Release|Any CPU
		{EEDAFFF0-EC43-4B95-A10B-27A9CC3C3667}.Release|x86.ActiveCfg = Release|Any CPU
		{EEDAFFF0-EC43-4B95-A10B-27A9CC3C3667}.Release|x86.Build.0 = Release|Any CPU
		{8F7F59E6-18A7-0CF3-0E1D-4478954B612A}.Debug|Any CPU.ActiveCfg = Debug|Any CPU
		{8F7F59E6-18A7-0CF3-0E1D-4478954B612A}.Debug|Any CPU.Build.0 = Debug|Any CPU
		{8F7F59E6-18A7-0CF3-0E1D-4478954B612A}.Debug|x64.ActiveCfg = Debug|Any CPU
		{8F7F59E6-18A7-0CF3-0E1D-4478954B612A}.Debug|x64.Build.0 = Debug|Any CPU
		{8F7F59E6-18A7-0CF3-0E1D-4478954B612A}.Debug|x86.ActiveCfg = Debug|x86
		{8F7F59E6-18A7-0CF3-0E1D-4478954B612A}.Debug|x86.Build.0 = Debug|x86
		{8F7F59E6-18A7-0CF3-0E1D-4478954B612A}.Release|Any CPU.ActiveCfg = Release|Any CPU
		{8F7F59E6-18A7-0CF3-0E1D-4478954B612A}.Release|Any CPU.Build.0 = Release|Any CPU
		{8F7F59E6-18A7-0CF3-0E1D-4478954B612A}.Release|x64.ActiveCfg = Release|Any CPU
		{8F7F59E6-18A7-0CF3-0E1D-4478954B612A}.Release|x64.Build.0 = Release|Any CPU
		{8F7F59E6-18A7-0CF3-0E1D-4478954B612A}.Release|x86.ActiveCfg = Release|Any CPU
		{8F7F59E6-18A7-0CF3-0E1D-4478954B612A}.Release|x86.Build.0 = Release|Any CPU
		{68924FDF-614D-447C-A175-450860DDB597}.Debug|Any CPU.ActiveCfg = Debug|Any CPU
		{68924FDF-614D-447C-A175-450860DDB597}.Debug|Any CPU.Build.0 = Debug|Any CPU
		{68924FDF-614D-447C-A175-450860DDB597}.Debug|x64.ActiveCfg = Debug|Any CPU
		{68924FDF-614D-447C-A175-450860DDB597}.Debug|x64.Build.0 = Debug|Any CPU
		{68924FDF-614D-447C-A175-450860DDB597}.Debug|x86.ActiveCfg = Debug|x86
		{68924FDF-614D-447C-A175-450860DDB597}.Debug|x86.Build.0 = Debug|x86
		{68924FDF-614D-447C-A175-450860DDB597}.Release|Any CPU.ActiveCfg = Release|Any CPU
		{68924FDF-614D-447C-A175-450860DDB597}.Release|Any CPU.Build.0 = Release|Any CPU
		{68924FDF-614D-447C-A175-450860DDB597}.Release|x64.ActiveCfg = Release|Any CPU
		{68924FDF-614D-447C-A175-450860DDB597}.Release|x64.Build.0 = Release|Any CPU
		{68924FDF-614D-447C-A175-450860DDB597}.Release|x86.ActiveCfg = Release|Any CPU
		{68924FDF-614D-447C-A175-450860DDB597}.Release|x86.Build.0 = Release|Any CPU
		{F2E1680E-1B15-4CF2-BAB0-54B8C8F6ABDF}.Debug|Any CPU.ActiveCfg = Debug|Any CPU
		{F2E1680E-1B15-4CF2-BAB0-54B8C8F6ABDF}.Debug|Any CPU.Build.0 = Debug|Any CPU
		{F2E1680E-1B15-4CF2-BAB0-54B8C8F6ABDF}.Debug|x64.ActiveCfg = Debug|Any CPU
		{F2E1680E-1B15-4CF2-BAB0-54B8C8F6ABDF}.Debug|x64.Build.0 = Debug|Any CPU
		{F2E1680E-1B15-4CF2-BAB0-54B8C8F6ABDF}.Debug|x86.ActiveCfg = Debug|x86
		{F2E1680E-1B15-4CF2-BAB0-54B8C8F6ABDF}.Debug|x86.Build.0 = Debug|x86
		{F2E1680E-1B15-4CF2-BAB0-54B8C8F6ABDF}.Release|Any CPU.ActiveCfg = Release|Any CPU
		{F2E1680E-1B15-4CF2-BAB0-54B8C8F6ABDF}.Release|Any CPU.Build.0 = Release|Any CPU
		{F2E1680E-1B15-4CF2-BAB0-54B8C8F6ABDF}.Release|x64.ActiveCfg = Release|Any CPU
		{F2E1680E-1B15-4CF2-BAB0-54B8C8F6ABDF}.Release|x64.Build.0 = Release|Any CPU
		{F2E1680E-1B15-4CF2-BAB0-54B8C8F6ABDF}.Release|x86.ActiveCfg = Release|Any CPU
		{F2E1680E-1B15-4CF2-BAB0-54B8C8F6ABDF}.Release|x86.Build.0 = Release|Any CPU
		{9A04D222-2B52-4E93-9B92-CC6EF54D5848}.Debug|Any CPU.ActiveCfg = Debug|Any CPU
		{9A04D222-2B52-4E93-9B92-CC6EF54D5848}.Debug|Any CPU.Build.0 = Debug|Any CPU
		{9A04D222-2B52-4E93-9B92-CC6EF54D5848}.Debug|x64.ActiveCfg = Debug|Any CPU
		{9A04D222-2B52-4E93-9B92-CC6EF54D5848}.Debug|x64.Build.0 = Debug|Any CPU
		{9A04D222-2B52-4E93-9B92-CC6EF54D5848}.Debug|x86.ActiveCfg = Debug|x86
		{9A04D222-2B52-4E93-9B92-CC6EF54D5848}.Debug|x86.Build.0 = Debug|x86
		{9A04D222-2B52-4E93-9B92-CC6EF54D5848}.Release|Any CPU.ActiveCfg = Release|x86
		{9A04D222-2B52-4E93-9B92-CC6EF54D5848}.Release|Any CPU.Build.0 = Release|x86
		{9A04D222-2B52-4E93-9B92-CC6EF54D5848}.Release|x64.ActiveCfg = Release|Any CPU
		{9A04D222-2B52-4E93-9B92-CC6EF54D5848}.Release|x64.Build.0 = Release|Any CPU
		{9A04D222-2B52-4E93-9B92-CC6EF54D5848}.Release|x86.ActiveCfg = Release|x86
		{9A04D222-2B52-4E93-9B92-CC6EF54D5848}.Release|x86.Build.0 = Release|x86
		{486C1CAE-5C32-406E-963F-79F654EC9B07}.Debug|Any CPU.ActiveCfg = Debug|Any CPU
		{486C1CAE-5C32-406E-963F-79F654EC9B07}.Debug|Any CPU.Build.0 = Debug|Any CPU
		{486C1CAE-5C32-406E-963F-79F654EC9B07}.Debug|x64.ActiveCfg = Debug|Any CPU
		{486C1CAE-5C32-406E-963F-79F654EC9B07}.Debug|x64.Build.0 = Debug|Any CPU
		{486C1CAE-5C32-406E-963F-79F654EC9B07}.Debug|x86.ActiveCfg = Debug|Any CPU
		{486C1CAE-5C32-406E-963F-79F654EC9B07}.Debug|x86.Build.0 = Debug|Any CPU
		{486C1CAE-5C32-406E-963F-79F654EC9B07}.Release|Any CPU.ActiveCfg = Release|Any CPU
		{486C1CAE-5C32-406E-963F-79F654EC9B07}.Release|Any CPU.Build.0 = Release|Any CPU
		{486C1CAE-5C32-406E-963F-79F654EC9B07}.Release|x64.ActiveCfg = Release|Any CPU
		{486C1CAE-5C32-406E-963F-79F654EC9B07}.Release|x64.Build.0 = Release|Any CPU
		{486C1CAE-5C32-406E-963F-79F654EC9B07}.Release|x86.ActiveCfg = Release|Any CPU
		{486C1CAE-5C32-406E-963F-79F654EC9B07}.Release|x86.Build.0 = Release|Any CPU
		{D0FEE0D9-901A-4FB8-97D1-96A8F634B83C}.Debug|Any CPU.ActiveCfg = Debug|Any CPU
		{D0FEE0D9-901A-4FB8-97D1-96A8F634B83C}.Debug|Any CPU.Build.0 = Debug|Any CPU
		{D0FEE0D9-901A-4FB8-97D1-96A8F634B83C}.Debug|x64.ActiveCfg = Debug|x64
		{D0FEE0D9-901A-4FB8-97D1-96A8F634B83C}.Debug|x64.Build.0 = Debug|x64
		{D0FEE0D9-901A-4FB8-97D1-96A8F634B83C}.Debug|x86.ActiveCfg = Debug|x86
		{D0FEE0D9-901A-4FB8-97D1-96A8F634B83C}.Debug|x86.Build.0 = Debug|x86
		{D0FEE0D9-901A-4FB8-97D1-96A8F634B83C}.Release|Any CPU.ActiveCfg = Release|Any CPU
		{D0FEE0D9-901A-4FB8-97D1-96A8F634B83C}.Release|Any CPU.Build.0 = Release|Any CPU
		{D0FEE0D9-901A-4FB8-97D1-96A8F634B83C}.Release|x64.ActiveCfg = Release|x64
		{D0FEE0D9-901A-4FB8-97D1-96A8F634B83C}.Release|x64.Build.0 = Release|x64
		{D0FEE0D9-901A-4FB8-97D1-96A8F634B83C}.Release|x86.ActiveCfg = Release|x86
		{D0FEE0D9-901A-4FB8-97D1-96A8F634B83C}.Release|x86.Build.0 = Release|x86
		{C10DBD94-A7F6-43BC-8630-43002722D130}.Debug|Any CPU.ActiveCfg = Debug|Any CPU
		{C10DBD94-A7F6-43BC-8630-43002722D130}.Debug|Any CPU.Build.0 = Debug|Any CPU
		{C10DBD94-A7F6-43BC-8630-43002722D130}.Debug|x64.ActiveCfg = Debug|Any CPU
		{C10DBD94-A7F6-43BC-8630-43002722D130}.Debug|x64.Build.0 = Debug|Any CPU
		{C10DBD94-A7F6-43BC-8630-43002722D130}.Debug|x86.ActiveCfg = Debug|Any CPU
		{C10DBD94-A7F6-43BC-8630-43002722D130}.Debug|x86.Build.0 = Debug|Any CPU
		{C10DBD94-A7F6-43BC-8630-43002722D130}.Release|Any CPU.ActiveCfg = Release|Any CPU
		{C10DBD94-A7F6-43BC-8630-43002722D130}.Release|Any CPU.Build.0 = Release|Any CPU
		{C10DBD94-A7F6-43BC-8630-43002722D130}.Release|x64.ActiveCfg = Release|Any CPU
		{C10DBD94-A7F6-43BC-8630-43002722D130}.Release|x64.Build.0 = Release|Any CPU
		{C10DBD94-A7F6-43BC-8630-43002722D130}.Release|x86.ActiveCfg = Release|Any CPU
		{C10DBD94-A7F6-43BC-8630-43002722D130}.Release|x86.Build.0 = Release|Any CPU
		{F2D6D90D-A3E8-4067-B546-D5BBB231FC23}.Debug|Any CPU.ActiveCfg = Debug|Any CPU
		{F2D6D90D-A3E8-4067-B546-D5BBB231FC23}.Debug|Any CPU.Build.0 = Debug|Any CPU
		{F2D6D90D-A3E8-4067-B546-D5BBB231FC23}.Debug|x64.ActiveCfg = Debug|Any CPU
		{F2D6D90D-A3E8-4067-B546-D5BBB231FC23}.Debug|x64.Build.0 = Debug|Any CPU
		{F2D6D90D-A3E8-4067-B546-D5BBB231FC23}.Debug|x86.ActiveCfg = Debug|Any CPU
		{F2D6D90D-A3E8-4067-B546-D5BBB231FC23}.Debug|x86.Build.0 = Debug|Any CPU
		{F2D6D90D-A3E8-4067-B546-D5BBB231FC23}.Release|Any CPU.ActiveCfg = Release|Any CPU
		{F2D6D90D-A3E8-4067-B546-D5BBB231FC23}.Release|Any CPU.Build.0 = Release|Any CPU
		{F2D6D90D-A3E8-4067-B546-D5BBB231FC23}.Release|x64.ActiveCfg = Release|Any CPU
		{F2D6D90D-A3E8-4067-B546-D5BBB231FC23}.Release|x64.Build.0 = Release|Any CPU
		{F2D6D90D-A3E8-4067-B546-D5BBB231FC23}.Release|x86.ActiveCfg = Release|Any CPU
		{F2D6D90D-A3E8-4067-B546-D5BBB231FC23}.Release|x86.Build.0 = Release|Any CPU
	EndGlobalSection
	GlobalSection(SolutionProperties) = preSolution
		HideSolutionNode = FALSE
	EndGlobalSection
	GlobalSection(ExtensibilityGlobals) = postSolution
		SolutionGuid = {CDB30996-B15F-49B4-B690-E559D01EEE81}
	EndGlobalSection
EndGlobal
